{
  "lockfileVersion": 1,
  "configVersion": 1,
  "workspaces": {
    "": {
      "name": "spike",
      "dependencies": {
        "libopus-wasm": "0.4.1",
        "node-datachannel": "0.33.4",
        "protobufjs": "8.8.0",
      },
    },
  },
  "packages": {
    "@node-datachannel/android-arm64": ["@node-datachannel/android-arm64@0.33.4", "", { "os": "android", "cpu": "arm64" }, "sha512-Kd1K+drJlxdGmZYBlzh5HHX2E7les99eTWlt7WldZgvJmcGf2z9L/bnUVn4zbhNm2q/MtNZ2tPX2bd+fGlDDpQ=="],

    "@node-datachannel/darwin-arm64": ["@node-datachannel/darwin-arm64@0.33.4", "", { "os": "darwin", "cpu": "arm64" }, "sha512-bkIA+IbModz/NUmbVYTSWj8dZvkiab+cU4zOa6rhfKsNcW3EkdD2/DDoJjUrRrw+LbEZ40V7NuAKUlMNFDXFsw=="],

    "@node-datachannel/darwin-x64": ["@node-datachannel/darwin-x64@0.33.4", "", { "os": "darwin", "cpu": "x64" }, "sha512-+dLnwiwC3GdWqW0OQShZcSFYrx3hRx0+7U85swoiP3iiRqtDUARME6AIAmW3glpP0vmus1jv5KhPCy/Q+jAvqw=="],

    "@node-datachannel/linux-arm64-gnu": ["@node-datachannel/linux-arm64-gnu@0.33.4", "", { "os": "linux", "cpu": "arm64" }, "sha512-rR4yjwxpI1miLSrruLGcfR9yfw0Qebw+Twt+u+lKsL9SwmXxTm5pJhUAa9RU+c35oZ98IyAxGFjRwwq85BTbog=="],

    "@node-datachannel/linux-arm64-musl": ["@node-datachannel/linux-arm64-musl@0.33.4", "", { "os": "linux", "cpu": "arm64" }, "sha512-MR4o1F0aREj/AtbNlXL20YiNx8/pDI8L/5B4Vr9ldiEDottD0IOdCd0khB8fpr5Np2CW7WwU9QG+uto00QGVdw=="],

    "@node-datachannel/linux-x64-gnu": ["@node-datachannel/linux-x64-gnu@0.33.4", "", { "os": "linux", "cpu": "x64" }, "sha512-xN0x3lcQ87qwOAmf1dBLVWrYY40LQ7pM4Y9wuNjP+EtN4IwiXqrhPdgupzGAElxna+n2NgBG0gT60dZpgoYU2Q=="],

    "@node-datachannel/linux-x64-musl": ["@node-datachannel/linux-x64-musl@0.33.4", "", { "os": "linux", "cpu": "x64" }, "sha512-FWqJEjL7TqOPmsqdfwmG/BUwOXQN7MfpEU8kzw6ePbglUbwgdc3976Ls9BCBUXyPgEJyLo8YE1LJyWAlbXWyvA=="],

    "@node-datachannel/win32-arm64-msvc": ["@node-datachannel/win32-arm64-msvc@0.33.4", "", { "os": "win32", "cpu": "arm64" }, "sha512-TeDV2tSPm+qAnF6MIPlLFTIlobSYLwOVe3/wQl+8hD/q3cEPTQi7vByFaQQ5lRULKKdnjKRR5iDMsxMilqbtXA=="],

    "@node-datachannel/win32-x64-msvc": ["@node-datachannel/win32-x64-msvc@0.33.4", "", { "os": "win32", "cpu": "x64" }, "sha512-eU0w/9ykrNaA5vWs5gjVs3Qxa45jbQ8mYoMyh5OWnRCE5GzXKxHCpfhFUnO+jGqi0KxkyP0hSA6fiwXXkirk6g=="],

    "detect-libc": ["detect-libc@2.1.2", "", {}, "sha512-Btj2BOOO83o3WyH59e8MgXsxEQVcarkUOpEYrubB0urwnN10yQ364rsiByU11nZlqWYZm05i/of7io4mzihBtQ=="],

    "libopus-wasm": ["libopus-wasm@0.4.1", "", {}, "sha512-dt2u6KyBe1IONzZA2Q9TXQbmLsZ6l1vLqgt4n9XC/sE70BegLgwC/hcbZp41aJgURAqalYdnPg0wGSI2IwHyvA=="],

    "long": ["long@5.3.2", "", {}, "sha512-mNAgZ1GmyNhD7AuqnTG3/VQ26o760+ZYBPKjPvugO8+nLbYfX6TVpJPseBvopbdY+qpZ/lKUnmEc1LeZYS3QAA=="],

    "node-datachannel": ["node-datachannel@0.33.4", "", { "dependencies": { "detect-libc": "^2.0.4" }, "optionalDependencies": { "@node-datachannel/android-arm64": "0.33.4", "@node-datachannel/darwin-arm64": "0.33.4", "@node-datachannel/darwin-x64": "0.33.4", "@node-datachannel/linux-arm64-gnu": "0.33.4", "@node-datachannel/linux-arm64-musl": "0.33.4", "@node-datachannel/linux-x64-gnu": "0.33.4", "@node-datachannel/linux-x64-musl": "0.33.4", "@node-datachannel/win32-arm64-msvc": "0.33.4", "@node-datachannel/win32-x64-msvc": "0.33.4" } }, "sha512-qiUrdh8vY9XhglEnx91HK0N2JEAAu8qTZl0fcR3yQd0fFrdO39NwDeJD/KpG+WKUb9/o4p2UwnP+/HftA/xMbQ=="],

    "protobufjs": ["protobufjs@8.8.0", "", { "dependencies": { "long": "^5.3.2" } }, "sha512-N3xhQ5yyBx3vQq4gubBfASzYhJGNzeDbjqBpu61g7UVylsN/qyffU96TKWD3GbbLOKF82VGNRNvv1+BFgE31Eg=="],
  }
}
